
Microsoft Visual Studio Solution File, Format Version 12.00
# Visual Studio Version 17
VisualStudioVersion = 17.3.32929.385
MinimumVisualStudioVersion = 10.0.40219.1
Project("{9A19103F-16F7-4668-BE54-9A1E7A4F7556}") = "FancySequence", "FancySequence\FancySequence.csproj", "{3D534396-33B1-40CE-8651-02AEC20A770B}"
EndProject
Project("{9A19103F-16F7-4668-BE54-9A1E7A4F7556}") = "KnightDialer", "KnightDialer\KnightDialer.csproj", "{D0756BAE-878E-4BEC-9C75-F597F0DE798A}"
EndProject
Project("{FAE04EC0-301F-11D3-BF4B-00C04F79EFBC}") = "LeetCodeHelper", "LeetCodeHelper\LeetCodeHelper.csproj", "{F7899AB9-D274-430E-840F-E6AD3445C593}"
EndProject
Global
	GlobalSection(SolutionConfigurationPlatforms) = preSolution
		Debug|Any CPU = Debug|Any CPU
		Release|Any CPU = Release|Any CPU
	EndGlobalSection
	GlobalSection(ProjectConfigurationPlatforms) = postSolution
		{3D534396-33B1-40CE-8651-02AEC20A770B}.Debug|Any CPU.ActiveCfg = Debug|Any CPU
		{3D534396-33B1-40CE-8651-02AEC20A770B}.Debug|Any CPU.Build.0 = Debug|Any CPU
		{3D534396-33B1-40CE-8651-02AEC20A770B}.Release|Any CPU.ActiveCfg = Release|Any CPU
		{3D534396-33B1-40CE-8651-02AEC20A770B}.Release|Any CPU.Build.0 = Release|Any CPU
		{D0756BAE-878E-4BEC-9C75-F597F0DE798A}.Debug|Any CPU.ActiveCfg = Debug|Any CPU
		{D0756BAE-878E-4BEC-9C75-F597F0DE798A}.Debug|Any CPU.Build.0 = Debug|Any CPU
		{D0756BAE-878E-4BEC-9C75-F597F0DE798A}.Release|Any CPU.ActiveCfg = Release|Any CPU
		{D0756BAE-878E-4BEC-9C75-F597F0DE798A}.Release|Any CPU.Build.0 = Release|Any CPU
		{F7899AB9-D274-430E-840F-E6AD3445C593}.Debug|Any CPU.ActiveCfg = Debug|Any CPU
		{F7899AB9-D274-430E-840F-E6AD3445C593}.Debug|Any CPU.Build.0 = Debug|Any CPU
		{F7899AB9-D274-430E-840F-E6AD3445C593}.Release|Any CPU.ActiveCfg = Release|Any CPU
		{F7899AB9-D274-430E-840F-E6AD3445C593}.Release|Any CPU.Build.0 = Release|Any CPU
	EndGlobalSection
	GlobalSection(SolutionProperties) = preSolution
		HideSolutionNode = FALSE
	EndGlobalSection
	GlobalSection(ExtensibilityGlobals) = postSolution
		SolutionGuid = {B2B3C6B5-DC9C-43A8-AED6-0CBC927234E1}
	EndGlobalSection
EndGlobal
